
Microsoft Visual Studio Solution File, Format Version 12.00
# Visual Studio Version 16
VisualStudioVersion = 16.0.30011.22
MinimumVisualStudioVersion = 10.0.40219.1
Project("{9A19103F-16F7-4668-BE54-9A1E7A4F7556}") = "DotNet-WebAPI-Angular", "DotNet-WebAPI-Angular\DotNet-WebAPI-Angular.csproj", "{2DF9BA4A-02AD-4E6C-8F8B-4F697130C95A}"
EndProject
Project("{9A19103F-16F7-4668-BE54-9A1E7A4F7556}") = "DotNet-WebAPI-Angular-Data", "DotNet-WebAPI-Angular-Data\DotNet-WebAPI-Angular-Data.csproj", "{A7E2CF95-00B3-4D68-9098-F7A7523FE530}"
EndProject
Project("{9A19103F-16F7-4668-BE54-9A1E7A4F7556}") = "DotNet-WebAPI-Angular-InterfaceContracts", "DotNet-WebAPI-Angular-InterfaceContracts\DotNet-WebAPI-Angular-InterfaceContracts.csproj", "{3065172A-7C57-4EE6-9D69-389A239E6214}"
EndProject
Project("{9A19103F-16F7-4668-BE54-9A1E7A4F7556}") = "DotNet-WebAPI-Angular-APIServices", "DotNet-WebAPI-Angular-APIServices\DotNet-WebAPI-Angular-APIServices.csproj", "{5C12FC69-AFF0-449E-9472-88CED1320AF9}"
EndProject
Project("{9A19103F-16F7-4668-BE54-9A1E7A4F7556}") = "DotNet-WebAPI-Angular-Repo", "DotNet-WebAPI-Angular-Repo\DotNet-WebAPI-Angular-Repo.csproj", "{56D08611-D913-4D79-9C21-522AF0F222BF}"
EndProject
Project("{9A19103F-16F7-4668-BE54-9A1E7A4F7556}") = "DotNet-WebAPI-Angular-DTO", "DotNet-WebAPI-Angular-DTO\DotNet-WebAPI-Angular-DTO.csproj", "{B52C27F0-8E6B-4C96-B99B-CF5CF89ECC2C}"
EndProject
Project("{FAE04EC0-301F-11D3-BF4B-00C04F79EFBC}") = "DotNet-WebAPI-Angular-WebJob-Email", "DotNet-WebAPI-Angular-WebJob-Email\DotNet-WebAPI-Angular-WebJob-Email.csproj", "{AA8A5F56-41AF-481C-BE73-E34090F1D39D}"
EndProject
Global
	GlobalSection(SolutionConfigurationPlatforms) = preSolution
		Debug|Any CPU = Debug|Any CPU
		Release|Any CPU = Release|Any CPU
	EndGlobalSection
	GlobalSection(ProjectConfigurationPlatforms) = postSolution
		{2DF9BA4A-02AD-4E6C-8F8B-4F697130C95A}.Debug|Any CPU.ActiveCfg = Debug|Any CPU
		{2DF9BA4A-02AD-4E6C-8F8B-4F697130C95A}.Debug|Any CPU.Build.0 = Debug|Any CPU
		{2DF9BA4A-02AD-4E6C-8F8B-4F697130C95A}.Release|Any CPU.ActiveCfg = Release|Any CPU
		{2DF9BA4A-02AD-4E6C-8F8B-4F697130C95A}.Release|Any CPU.Build.0 = Release|Any CPU
		{A7E2CF95-00B3-4D68-9098-F7A7523FE530}.Debug|Any CPU.ActiveCfg = Debug|Any CPU
		{A7E2CF95-00B3-4D68-9098-F7A7523FE530}.Debug|Any CPU.Build.0 = Debug|Any CPU
		{A7E2CF95-00B3-4D68-9098-F7A7523FE530}.Release|Any CPU.ActiveCfg = Release|Any CPU
		{A7E2CF95-00B3-4D68-9098-F7A7523FE530}.Release|Any CPU.Build.0 = Release|Any CPU
		{3065172A-7C57-4EE6-9D69-389A239E6214}.Debug|Any CPU.ActiveCfg = Debug|Any CPU
		{3065172A-7C57-4EE6-9D69-389A239E6214}.Debug|Any CPU.Build.0 = Debug|Any CPU
		{3065172A-7C57-4EE6-9D69-389A239E6214}.Release|Any CPU.ActiveCfg = Release|Any CPU
		{3065172A-7C57-4EE6-9D69-389A239E6214}.Release|Any CPU.Build.0 = Release|Any CPU
		{5C12FC69-AFF0-449E-9472-88CED1320AF9}.Debug|Any CPU.ActiveCfg = Debug|Any CPU
		{5C12FC69-AFF0-449E-9472-88CED1320AF9}.Debug|Any CPU.Build.0 = Debug|Any CPU
		{5C12FC69-AFF0-449E-9472-88CED1320AF9}.Release|Any CPU.ActiveCfg = Release|Any CPU
		{5C12FC69-AFF0-449E-9472-88CED1320AF9}.Release|Any CPU.Build.0 = Release|Any CPU
		{56D08611-D913-4D79-9C21-522AF0F222BF}.Debug|Any CPU.ActiveCfg = Debug|Any CPU
		{56D08611-D913-4D79-9C21-522AF0F222BF}.Debug|Any CPU.Build.0 = Debug|Any CPU
		{56D08611-D913-4D79-9C21-522AF0F222BF}.Release|Any CPU.ActiveCfg = Release|Any CPU
		{56D08611-D913-4D79-9C21-522AF0F222BF}.Release|Any CPU.Build.0 = Release|Any CPU
		{B52C27F0-8E6B-4C96-B99B-CF5CF89ECC2C}.Debug|Any CPU.ActiveCfg = Debug|Any CPU
		{B52C27F0-8E6B-4C96-B99B-CF5CF89ECC2C}.Debug|Any CPU.Build.0 = Debug|Any CPU
		{B52C27F0-8E6B-4C96-B99B-CF5CF89ECC2C}.Release|Any CPU.ActiveCfg = Release|Any CPU
		{B52C27F0-8E6B-4C96-B99B-CF5CF89ECC2C}.Release|Any CPU.Build.0 = Release|Any CPU
		{AA8A5F56-41AF-481C-BE73-E34090F1D39D}.Debug|Any CPU.ActiveCfg = Debug|Any CPU
		{AA8A5F56-41AF-481C-BE73-E34090F1D39D}.Debug|Any CPU.Build.0 = Debug|Any CPU
		{AA8A5F56-41AF-481C-BE73-E34090F1D39D}.Release|Any CPU.ActiveCfg = Release|Any CPU
		{AA8A5F56-41AF-481C-BE73-E34090F1D39D}.Release|Any CPU.Build.0 = Release|Any CPU
	EndGlobalSection
	GlobalSection(SolutionProperties) = preSolution
		HideSolutionNode = FALSE
	EndGlobalSection
	GlobalSection(ExtensibilityGlobals) = postSolution
		SolutionGuid = {82286C5E-7521-4CFE-8343-8E89F74227D1}
	EndGlobalSection
EndGlobal
